
Microsoft Visual Studio Solution File, Format Version 12.00
# Visual Studio 15
VisualStudioVersion = 15.0.27004.2006
MinimumVisualStudioVersion = 10.0.40219.1
Project("{FAE04EC0-301F-11D3-BF4B-00C04F79EFBC}") = "ConsoleApp1", "ConsoleApp1\ConsoleApp1.csproj", "{170A5099-D077-4CF8-B3EC-71036B453054}"
EndProject
Global
	GlobalSection(SolutionConfigurationPlatforms) = preSolution
		Debug|Any CPU = Debug|Any CPU
		Release|Any CPU = Release|Any CPU
	EndGlobalSection
	GlobalSection(ProjectConfigurationPlatforms) = postSolution
		{170A5099-D077-4CF8-B3EC-71036B453054}.Debug|Any CPU.ActiveCfg = Debug|Any CPU
		{170A5099-D077-4CF8-B3EC-71036B453054}.Debug|Any CPU.Build.0 = Debug|Any CPU
		{170A5099-D077-4CF8-B3EC-71036B453054}.Release|Any CPU.ActiveCfg = Release|Any CPU
		{170A5099-D077-4CF8-B3EC-71036B453054}.Release|Any CPU.Build.0 = Release|Any CPU
	EndGlobalSection
	GlobalSection(SolutionProperties) = preSolution
		HideSolutionNode = FALSE
	EndGlobalSection
	GlobalSection(ExtensibilityGlobals) = postSolution
		SolutionGuid = {A669F7BB-BB2E-484B-94D0-CFA6D4ADD079}
	EndGlobalSection
EndGlobal
